
Microsoft Visual Studio Solution File, Format Version 12.00
# Visual Studio 14
VisualStudioVersion = 14.0.23107.0
MinimumVisualStudioVersion = 10.0.40219.1
Project("{FAE04EC0-301F-11D3-BF4B-00C04F79EFBC}") = "ArchsimLibData", "ArchsimLibData\ArchsimLibData.csproj", "{9750B115-DF4A-46EA-ABF9-CFA58BD61BD7}"
EndProject
Project("{FAE04EC0-301F-11D3-BF4B-00C04F79EFBC}") = "Excel2JSON", "Excel2JSON\Excel2JSON.csproj", "{DBCC64C3-3B5F-4070-A852-8525394E21BB}"
EndProject
Global
	GlobalSection(SolutionConfigurationPlatforms) = preSolution
		Debug|Any CPU = Debug|Any CPU
		Release|Any CPU = Release|Any CPU
	EndGlobalSection
	GlobalSection(ProjectConfigurationPlatforms) = postSolution
		{9750B115-DF4A-46EA-ABF9-CFA58BD61BD7}.Debug|Any CPU.ActiveCfg = Debug|Any CPU
		{9750B115-DF4A-46EA-ABF9-CFA58BD61BD7}.Release|Any CPU.ActiveCfg = Release|Any CPU
		{9750B115-DF4A-46EA-ABF9-CFA58BD61BD7}.Release|Any CPU.Build.0 = Release|Any CPU
		{DBCC64C3-3B5F-4070-A852-8525394E21BB}.Debug|Any CPU.ActiveCfg = Debug|Any CPU
		{DBCC64C3-3B5F-4070-A852-8525394E21BB}.Debug|Any CPU.Build.0 = Debug|Any CPU
		{DBCC64C3-3B5F-4070-A852-8525394E21BB}.Release|Any CPU.ActiveCfg = Release|Any CPU
		{DBCC64C3-3B5F-4070-A852-8525394E21BB}.Release|Any CPU.Build.0 = Release|Any CPU
	EndGlobalSection
	GlobalSection(SolutionProperties) = preSolution
		HideSolutionNode = FALSE
	EndGlobalSection
EndGlobal
